# This file is automatically @generated by Cargo.
# It is not intended for manual editing.
version = 3

[[package]]
name = "mediamtx-manager-core"
version = "0.1.0"

[[package]]
name = "mediamtx-manager-tauri"
version = "0.1.0"
dependencies = [
 "mediamtx-manager-core",
]

[[package]]
name = "mediamtx-manager-web"
version = "0.1.0"
dependencies = [
 "mediamtx-manager-core",
]
